
Microsoft Visual Studio Solution File, Format Version 12.00
# Visual Studio 2012
Project("{FAE04EC0-301F-11D3-BF4B-00C04F79EFBC}") = "osscsharputil", "osscsharputil.csproj", "{B771C6B5-95CA-40A3-896A-01BD886B23E6}"
EndProject
Global
	GlobalSection(SolutionConfigurationPlatforms) = preSolution
		Debug|Any CPU = Debug|Any CPU
		Release|Any CPU = Release|Any CPU
	EndGlobalSection
	GlobalSection(ProjectConfigurationPlatforms) = postSolution
		{B771C6B5-95CA-40A3-896A-01BD886B23E6}.Debug|Any CPU.ActiveCfg = Debug|Any CPU
		{B771C6B5-95CA-40A3-896A-01BD886B23E6}.Debug|Any CPU.Build.0 = Debug|Any CPU
		{B771C6B5-95CA-40A3-896A-01BD886B23E6}.Release|Any CPU.ActiveCfg = Release|Any CPU
		{B771C6B5-95CA-40A3-896A-01BD886B23E6}.Release|Any CPU.Build.0 = Release|Any CPU
	EndGlobalSection
EndGlobal
