
Microsoft Visual Studio Solution File, Format Version 11.00
# Visual Studio 2010
Project("{FAE04EC0-301F-11D3-BF4B-00C04F79EFBC}") = "aliyun-oss-sdk", "sdk\aliyun-oss-sdk.csproj", "{EE5D6175-F4A8-4820-B657-69AA4E23ABA5}"
EndProject
Project("{FAE04EC0-301F-11D3-BF4B-00C04F79EFBC}") = "aliyun-oss-sdk-samples", "samples\aliyun-oss-sdk-samples.csproj", "{810508AC-F8F1-4DCE-A50F-F54CD96A3DAB}"
	ProjectSection(ProjectDependencies) = postProject
		{EE5D6175-F4A8-4820-B657-69AA4E23ABA5} = {EE5D6175-F4A8-4820-B657-69AA4E23ABA5}
	EndProjectSection
EndProject
Project("{FAE04EC0-301F-11D3-BF4B-00C04F79EFBC}") = "aliyun-oss-sdk-test", "test\aliyun-oss-sdk-test.csproj", "{AFDCA7E3-F277-4DF8-BD16-227F235935A7}"
EndProject
Global
	GlobalSection(SolutionConfigurationPlatforms) = preSolution
		Debug|Any CPU = Debug|Any CPU
		Debug|x86 = Debug|x86
		Release|Any CPU = Release|Any CPU
		Release|x86 = Release|x86
	EndGlobalSection
	GlobalSection(ProjectConfigurationPlatforms) = postSolution
		{AFDCA7E3-F277-4DF8-BD16-227F235935A7}.Debug|Any CPU.ActiveCfg = Debug|Any CPU
		{AFDCA7E3-F277-4DF8-BD16-227F235935A7}.Debug|Any CPU.Build.0 = Debug|Any CPU
		{AFDCA7E3-F277-4DF8-BD16-227F235935A7}.Debug|x86.ActiveCfg = Debug|Any CPU
		{AFDCA7E3-F277-4DF8-BD16-227F235935A7}.Release|Any CPU.ActiveCfg = Release|Any CPU
		{AFDCA7E3-F277-4DF8-BD16-227F235935A7}.Release|Any CPU.Build.0 = Release|Any CPU
		{AFDCA7E3-F277-4DF8-BD16-227F235935A7}.Release|x86.ActiveCfg = Release|Any CPU
		{EE5D6175-F4A8-4820-B657-69AA4E23ABA5}.Debug|Any CPU.ActiveCfg = Debug|Any CPU
		{EE5D6175-F4A8-4820-B657-69AA4E23ABA5}.Debug|Any CPU.Build.0 = Debug|Any CPU
		{EE5D6175-F4A8-4820-B657-69AA4E23ABA5}.Debug|x86.ActiveCfg = Debug|Any CPU
		{EE5D6175-F4A8-4820-B657-69AA4E23ABA5}.Release|Any CPU.ActiveCfg = Release|Any CPU
		{EE5D6175-F4A8-4820-B657-69AA4E23ABA5}.Release|Any CPU.Build.0 = Release|Any CPU
		{EE5D6175-F4A8-4820-B657-69AA4E23ABA5}.Release|x86.ActiveCfg = Release|Any CPU
		{810508AC-F8F1-4DCE-A50F-F54CD96A3DAB}.Debug|Any CPU.ActiveCfg = Debug|Any CPU
		{810508AC-F8F1-4DCE-A50F-F54CD96A3DAB}.Debug|Any CPU.Build.0 = Debug|Any CPU
		{810508AC-F8F1-4DCE-A50F-F54CD96A3DAB}.Debug|x86.ActiveCfg = Debug|x86
		{810508AC-F8F1-4DCE-A50F-F54CD96A3DAB}.Debug|x86.Build.0 = Debug|x86
		{810508AC-F8F1-4DCE-A50F-F54CD96A3DAB}.Release|Any CPU.ActiveCfg = Release|Any CPU
		{810508AC-F8F1-4DCE-A50F-F54CD96A3DAB}.Release|Any CPU.Build.0 = Release|Any CPU
		{810508AC-F8F1-4DCE-A50F-F54CD96A3DAB}.Release|x86.ActiveCfg = Release|x86
		{810508AC-F8F1-4DCE-A50F-F54CD96A3DAB}.Release|x86.Build.0 = Release|x86
	EndGlobalSection
	GlobalSection(MonoDevelopProperties) = preSolution
		StartupItem = samples\aliyun-oss-sdk-samples.csproj
	EndGlobalSection
	GlobalSection(SolutionProperties) = preSolution
		HideSolutionNode = FALSE
	EndGlobalSection
EndGlobal
